
Microsoft Visual Studio Solution File, Format Version 12.00
# Visual Studio 2012
Project("{FAE04EC0-301F-11D3-BF4B-00C04F79EFBC}") = "LostCaver", "LostCaver\LostCaver.csproj", "{DE7CDDDC-2611-4D9D-BC7C-ECCFB69D331D}"
EndProject
Project("{FAE04EC0-301F-11D3-BF4B-00C04F79EFBC}") = "LostCaverTests", "LostCaverTests\LostCaverTests.csproj", "{2DC0F450-3301-48B2-9032-F9543497C11E}"
EndProject
Global
	GlobalSection(SolutionConfigurationPlatforms) = preSolution
		Debug|Any CPU = Debug|Any CPU
		Release|Any CPU = Release|Any CPU
	EndGlobalSection
	GlobalSection(ProjectConfigurationPlatforms) = postSolution
		{DE7CDDDC-2611-4D9D-BC7C-ECCFB69D331D}.Debug|Any CPU.ActiveCfg = Debug|Any CPU
		{DE7CDDDC-2611-4D9D-BC7C-ECCFB69D331D}.Debug|Any CPU.Build.0 = Debug|Any CPU
		{DE7CDDDC-2611-4D9D-BC7C-ECCFB69D331D}.Release|Any CPU.ActiveCfg = Release|Any CPU
		{DE7CDDDC-2611-4D9D-BC7C-ECCFB69D331D}.Release|Any CPU.Build.0 = Release|Any CPU
		{2DC0F450-3301-48B2-9032-F9543497C11E}.Debug|Any CPU.ActiveCfg = Debug|Any CPU
		{2DC0F450-3301-48B2-9032-F9543497C11E}.Debug|Any CPU.Build.0 = Debug|Any CPU
		{2DC0F450-3301-48B2-9032-F9543497C11E}.Release|Any CPU.ActiveCfg = Release|Any CPU
		{2DC0F450-3301-48B2-9032-F9543497C11E}.Release|Any CPU.Build.0 = Release|Any CPU
	EndGlobalSection
	GlobalSection(SolutionProperties) = preSolution
		HideSolutionNode = FALSE
	EndGlobalSection
EndGlobal
